
Microsoft Visual Studio Solution File, Format Version 12.00
# Visual Studio Version 17
VisualStudioVersion = 17.11.35327.3
MinimumVisualStudioVersion = 10.0.40219.1
Project("{FAE04EC0-301F-11D3-BF4B-00C04F79EFBC}") = "BookingSPA", "BookingSPA\BookingSPA.csproj", "{AA792BBB-527C-41F6-8497-5C4911D1599D}"
EndProject
Global
	GlobalSection(SolutionConfigurationPlatforms) = preSolution
		Debug|Any CPU = Debug|Any CPU
		Release|Any CPU = Release|Any CPU
	EndGlobalSection
	GlobalSection(ProjectConfigurationPlatforms) = postSolution
		{AA792BBB-527C-41F6-8497-5C4911D1599D}.Debug|Any CPU.ActiveCfg = Debug|Any CPU
		{AA792BBB-527C-41F6-8497-5C4911D1599D}.Debug|Any CPU.Build.0 = Debug|Any CPU
		{AA792BBB-527C-41F6-8497-5C4911D1599D}.Release|Any CPU.ActiveCfg = Release|Any CPU
		{AA792BBB-527C-41F6-8497-5C4911D1599D}.Release|Any CPU.Build.0 = Release|Any CPU
	EndGlobalSection
	GlobalSection(SolutionProperties) = preSolution
		HideSolutionNode = FALSE
	EndGlobalSection
	GlobalSection(ExtensibilityGlobals) = postSolution
		SolutionGuid = {CDCA08EF-9E6D-4EB0-B877-C56CEBD5B241}
	EndGlobalSection
EndGlobal
